
Microsoft Visual Studio Solution File, Format Version 12.00
# Visual Studio 15
VisualStudioVersion = 15.0.28307.1209
MinimumVisualStudioVersion = 10.0.40219.1
Project("{FAE04EC0-301F-11D3-BF4B-00C04F79EFBC}") = "RenameRegex", "RenameRegex.csproj", "{16A6043E-7F40-476D-B063-F3F9A2351C36}"
EndProject
Global
	GlobalSection(SolutionConfigurationPlatforms) = preSolution
		Debug|Any CPU = Debug|Any CPU
		Release|Any CPU = Release|Any CPU
	EndGlobalSection
	GlobalSection(ProjectConfigurationPlatforms) = postSolution
		{16A6043E-7F40-476D-B063-F3F9A2351C36}.Debug|Any CPU.ActiveCfg = Debug|Any CPU
		{16A6043E-7F40-476D-B063-F3F9A2351C36}.Debug|Any CPU.Build.0 = Debug|Any CPU
		{16A6043E-7F40-476D-B063-F3F9A2351C36}.Release|Any CPU.ActiveCfg = Release|Any CPU
		{16A6043E-7F40-476D-B063-F3F9A2351C36}.Release|Any CPU.Build.0 = Release|Any CPU
	EndGlobalSection
	GlobalSection(SolutionProperties) = preSolution
		HideSolutionNode = FALSE
	EndGlobalSection
	GlobalSection(ExtensibilityGlobals) = postSolution
		SolutionGuid = {35B6CC6D-E147-4D40-B2D7-7D18C57A0B25}
	EndGlobalSection
EndGlobal
